# This file is automatically @generated by Cargo.
# It is not intended for manual editing.
version = 4

[[package]]
name = "ahash"
version = "0.8.12"
source = "registry+https://github.com/rust-lang/crates.io-index"
checksum = "5a15f179cd60c4584b8a8c596927aadc462e27f2ca70c04e0071964a73ba7a75"
dependencies = [
 "cfg-if",
 "once_cell",
 "version_check",
 "zerocopy",
]

[[package]]
name = "allocator-api2"
version = "0.2.21"
source = "registry+https://github.com/rust-lang/crates.io-index"
checksum = "683d7910e743518b0e34f1186f92494becacb047c7b6bf616c96772180fef923"

[[package]]
name = "bimap"
version = "0.6.3"
source = "registry+https://github.com/rust-lang/crates.io-index"
checksum = "230c5f1ca6a325a32553f8640d31ac9b49f2411e901e427570154868b46da4f7"

[[package]]
name = "bitmaps"
version = "3.2.1"
source = "registry+https://github.com/rust-lang/crates.io-index"
checksum = "a1d084b0137aaa901caf9f1e8b21daa6aa24d41cd806e111335541eff9683bd6"

[[package]]
name = "cc-traits"
version = "2.0.0"
source = "registry+https://github.com/rust-lang/crates.io-index"
checksum = "060303ef31ef4a522737e1b1ab68c67916f2a787bb2f4f54f383279adba962b5"

[[package]]
name = "cfg-if"
version = "1.0.1"
source = "registry+https://github.com/rust-lang/crates.io-index"
checksum = "9555578bc9e57714c812a1f84e4fc5b4d21fcb063490c624de019f7464c91268"

[[package]]
name = "equivalent"
version = "1.0.2"
source = "registry+https://github.com/rust-lang/crates.io-index"
checksum = "877a4ace8713b0bcf2a4e7eec82529c029f1d0619886d18145fea96c3ffe5c0f"

[[package]]
name = "hashbrown"
version = "0.14.5"
source = "registry+https://github.com/rust-lang/crates.io-index"
checksum = "e5274423e17b7c9fc20b6e7e208532f9b19825d82dfd615708b70edd83df41f1"
dependencies = [
 "ahash",
 "allocator-api2",
]

[[package]]
name = "hashbrown"
version = "0.15.4"
source = "registry+https://github.com/rust-lang/crates.io-index"
checksum = "5971ac85611da7067dbfcabef3c70ebb5606018acd9e2a3903a0da507521e0d5"

[[package]]
name = "heck"
version = "0.4.1"
source = "registry+https://github.com/rust-lang/crates.io-index"
checksum = "95505c38b4572b2d910cecb0281560f54b440a19336cbbcb27bf6ce6adc6f5a8"

[[package]]
name = "indexmap"
version = "2.10.0"
source = "registry+https://github.com/rust-lang/crates.io-index"
checksum = "fe4cd85333e22411419a0bcae1297d25e58c9443848b11dc6a86fefe8c78a661"
dependencies = [
 "equivalent",
 "hashbrown 0.15.4",
]

[[package]]
name = "lattices"
version = "0.6.1"
source = "registry+https://github.com/rust-lang/crates.io-index"
checksum = "51222529a85db7b6e228b279b2b9bb7bc1e47d9ee7b680404bdf5440b255913c"
dependencies = [
 "cc-traits",
 "lattices_macro",
 "ref-cast",
 "sealed",
 "variadics",
 "variadics_macro",
]

[[package]]
name = "lattices_macro"
version = "0.5.9"
source = "registry+https://github.com/rust-lang/crates.io-index"
checksum = "eee67863077d060b8a25c754241a6e6bf234b82207a62df7b3d5387b6d523c3e"
dependencies = [
 "proc-macro-crate",
 "proc-macro2",
 "quote",
 "syn",
]

[[package]]
name = "log"
version = "0.4.29"
source = "registry+https://github.com/rust-lang/crates.io-index"
checksum = "5e5032e24019045c762d3c0f28f5b6b8bbf38563a65908389bf7978758920897"

[[package]]
name = "memchr"
version = "2.7.5"
source = "registry+https://github.com/rust-lang/crates.io-index"
checksum = "32a282da65faaf38286cf3be983213fcf1d2e2a58700e808f83f4ea9a4804bc0"

[[package]]
name = "once_cell"
version = "1.21.3"
source = "registry+https://github.com/rust-lang/crates.io-index"
checksum = "42f5e15c9953c5e4ccceeb2e7382a716482c34515315f7b03532b8b4e8393d2d"

[[package]]
name = "optimizer"
version = "0.1.0"
dependencies = [
 "bimap",
 "bitmaps",
 "indexmap",
 "lattices",
 "log",
]

[[package]]
name = "proc-macro-crate"
version = "1.3.1"
source = "registry+https://github.com/rust-lang/crates.io-index"
checksum = "7f4c021e1093a56626774e81216a4ce732a735e5bad4868a03f3ed65ca0c3919"
dependencies = [
 "once_cell",
 "toml_edit",
]

[[package]]
name = "proc-macro2"
version = "1.0.95"
source = "registry+https://github.com/rust-lang/crates.io-index"
checksum = "02b3e5e68a3a1a02aad3ec490a98007cbc13c37cbe84a3cd7b8e406d76e7f778"
dependencies = [
 "unicode-ident",
]

[[package]]
name = "quote"
version = "1.0.40"
source = "registry+https://github.com/rust-lang/crates.io-index"
checksum = "1885c039570dc00dcb4ff087a89e185fd56bae234ddc7f056a945bf36467248d"
dependencies = [
 "proc-macro2",
]

[[package]]
name = "ref-cast"
version = "1.0.24"
source = "registry+https://github.com/rust-lang/crates.io-index"
checksum = "4a0ae411dbe946a674d89546582cea4ba2bb8defac896622d6496f14c23ba5cf"
dependencies = [
 "ref-cast-impl",
]

[[package]]
name = "ref-cast-impl"
version = "1.0.24"
source = "registry+https://github.com/rust-lang/crates.io-index"
checksum = "1165225c21bff1f3bbce98f5a1f889949bc902d3575308cc7b0de30b4f6d27c7"
dependencies = [
 "proc-macro2",
 "quote",
 "syn",
]

[[package]]
name = "sealed"
version = "0.5.0"
source = "registry+https://github.com/rust-lang/crates.io-index"
checksum = "f4a8caec23b7800fb97971a1c6ae365b6239aaeddfb934d6265f8505e795699d"
dependencies = [
 "heck",
 "proc-macro2",
 "quote",
 "syn",
]

[[package]]
name = "syn"
version = "2.0.104"
source = "registry+https://github.com/rust-lang/crates.io-index"
checksum = "17b6f705963418cdb9927482fa304bc562ece2fdd4f616084c50b7023b435a40"
dependencies = [
 "proc-macro2",
 "quote",
 "unicode-ident",
]

[[package]]
name = "toml_datetime"
version = "0.6.11"
source = "registry+https://github.com/rust-lang/crates.io-index"
checksum = "22cddaf88f4fbc13c51aebbf5f8eceb5c7c5a9da2ac40a13519eb5b0a0e8f11c"

[[package]]
name = "toml_edit"
version = "0.19.15"
source = "registry+https://github.com/rust-lang/crates.io-index"
checksum = "1b5bb770da30e5cbfde35a2d7b9b8a2c4b8ef89548a7a6aeab5c9a576e3e7421"
dependencies = [
 "indexmap",
 "toml_datetime",
 "winnow",
]

[[package]]
name = "unicode-ident"
version = "1.0.18"
source = "registry+https://github.com/rust-lang/crates.io-index"
checksum = "5a5f39404a5da50712a4c1eecf25e90dd62b613502b7e925fd4e4d19b5c96512"

[[package]]
name = "variadics"
version = "0.0.9"
source = "registry+https://github.com/rust-lang/crates.io-index"
checksum = "41d49933ddcb1a4ec2ebb9a2931bc526ed269a9276a456c0595ddcc7cb188896"
dependencies = [
 "hashbrown 0.14.5",
 "sealed",
]

[[package]]
name = "variadics_macro"
version = "0.6.0"
source = "registry+https://github.com/rust-lang/crates.io-index"
checksum = "55476accb4f25086be8a1d18bed73aef9452cefb5ccd133e122e4350a1543ff3"
dependencies = [
 "proc-macro-crate",
 "proc-macro2",
 "quote",
 "syn",
 "variadics",
]

[[package]]
name = "version_check"
version = "0.9.5"
source = "registry+https://github.com/rust-lang/crates.io-index"
checksum = "0b928f33d975fc6ad9f86c8f283853ad26bdd5b10b7f1542aa2fa15e2289105a"

[[package]]
name = "winnow"
version = "0.5.40"
source = "registry+https://github.com/rust-lang/crates.io-index"
checksum = "f593a95398737aeed53e489c785df13f3618e41dbcd6718c6addbf1395aa6876"
dependencies = [
 "memchr",
]

[[package]]
name = "zerocopy"
version = "0.8.26"
source = "registry+https://github.com/rust-lang/crates.io-index"
checksum = "1039dd0d3c310cf05de012d8a39ff557cb0d23087fd44cad61df08fc31907a2f"
dependencies = [
 "zerocopy-derive",
]

[[package]]
name = "zerocopy-derive"
version = "0.8.26"
source = "registry+https://github.com/rust-lang/crates.io-index"
checksum = "9ecf5b4cc5364572d7f4c329661bcc82724222973f2cab6f050a4e5c22f75181"
dependencies = [
 "proc-macro2",
 "quote",
 "syn",
]
